
Microsoft Visual Studio Solution File, Format Version 12.00
# Visual Studio Version 17
VisualStudioVersion = 17.5.001.0
MinimumVisualStudioVersion = 10.0.40219.1
Project("{9A19103F-16F7-4668-BE54-9A1E7A4F7556}") = "weatherbot", "weatherbot.csproj", "{98CC33A0-4131-4D48-853A-B927BBE78433}"
EndProject
Global
	GlobalSection(SolutionConfigurationPlatforms) = preSolution
		Debug|Any CPU = Debug|Any CPU
		Release|Any CPU = Release|Any CPU
	EndGlobalSection
	GlobalSection(ProjectConfigurationPlatforms) = postSolution
		{98CC33A0-4131-4D48-853A-B927BBE78433}.Debug|Any CPU.ActiveCfg = Debug|Any CPU
		{98CC33A0-4131-4D48-853A-B927BBE78433}.Debug|Any CPU.Build.0 = Debug|Any CPU
		{98CC33A0-4131-4D48-853A-B927BBE78433}.Release|Any CPU.ActiveCfg = Release|Any CPU
		{98CC33A0-4131-4D48-853A-B927BBE78433}.Release|Any CPU.Build.0 = Release|Any CPU
	EndGlobalSection
	GlobalSection(SolutionProperties) = preSolution
		HideSolutionNode = FALSE
	EndGlobalSection
	GlobalSection(ExtensibilityGlobals) = postSolution
		SolutionGuid = {554D997C-9110-4590-BEB2-6CCC72602C54}
	EndGlobalSection
EndGlobal
